
Microsoft Visual Studio Solution File, Format Version 12.00
# Visual Studio 14
VisualStudioVersion = 14.0.24720.0
MinimumVisualStudioVersion = 10.0.40219.1
Project("{FAE04EC0-301F-11D3-BF4B-00C04F79EFBC}") = "Backend", "Backend.csproj", "{12AD127A-E4E9-42EC-B86B-2034895F18C8}"
EndProject
Project("{FAE04EC0-301F-11D3-BF4B-00C04F79EFBC}") = "Backend.Tests", "Backend.Tests\Backend.Tests.csproj", "{B151A5AC-F36A-42D2-ABDA-1C4ACD8AF079}"
EndProject
Global
	GlobalSection(SolutionConfigurationPlatforms) = preSolution
		Debug|Any CPU = Debug|Any CPU
		Release|Any CPU = Release|Any CPU
	EndGlobalSection
	GlobalSection(ProjectConfigurationPlatforms) = postSolution
		{12AD127A-E4E9-42EC-B86B-2034895F18C8}.Debug|Any CPU.ActiveCfg = Debug|Any CPU
		{12AD127A-E4E9-42EC-B86B-2034895F18C8}.Debug|Any CPU.Build.0 = Debug|Any CPU
		{12AD127A-E4E9-42EC-B86B-2034895F18C8}.Release|Any CPU.ActiveCfg = Release|Any CPU
		{12AD127A-E4E9-42EC-B86B-2034895F18C8}.Release|Any CPU.Build.0 = Release|Any CPU
		{B151A5AC-F36A-42D2-ABDA-1C4ACD8AF079}.Debug|Any CPU.ActiveCfg = Debug|Any CPU
		{B151A5AC-F36A-42D2-ABDA-1C4ACD8AF079}.Debug|Any CPU.Build.0 = Debug|Any CPU
		{B151A5AC-F36A-42D2-ABDA-1C4ACD8AF079}.Release|Any CPU.ActiveCfg = Release|Any CPU
		{B151A5AC-F36A-42D2-ABDA-1C4ACD8AF079}.Release|Any CPU.Build.0 = Release|Any CPU
	EndGlobalSection
	GlobalSection(SolutionProperties) = preSolution
		HideSolutionNode = FALSE
	EndGlobalSection
EndGlobal
